
Microsoft Visual Studio Solution File, Format Version 12.00
# Visual Studio Version 17
VisualStudioVersion = 17.2.32602.215
MinimumVisualStudioVersion = 10.0.40219.1
Project("{FAE04EC0-301F-11D3-BF4B-00C04F79EFBC}") = "ATM.cs", "ATM.cs.csproj", "{57B8AF34-B7DE-4EC7-B649-CB83083C83ED}"
EndProject
Global
	GlobalSection(SolutionConfigurationPlatforms) = preSolution
		Debug|Any CPU = Debug|Any CPU
		Release|Any CPU = Release|Any CPU
	EndGlobalSection
	GlobalSection(ProjectConfigurationPlatforms) = postSolution
		{57B8AF34-B7DE-4EC7-B649-CB83083C83ED}.Debug|Any CPU.ActiveCfg = Debug|Any CPU
		{57B8AF34-B7DE-4EC7-B649-CB83083C83ED}.Debug|Any CPU.Build.0 = Debug|Any CPU
		{57B8AF34-B7DE-4EC7-B649-CB83083C83ED}.Release|Any CPU.ActiveCfg = Release|Any CPU
		{57B8AF34-B7DE-4EC7-B649-CB83083C83ED}.Release|Any CPU.Build.0 = Release|Any CPU
	EndGlobalSection
	GlobalSection(SolutionProperties) = preSolution
		HideSolutionNode = FALSE
	EndGlobalSection
	GlobalSection(ExtensibilityGlobals) = postSolution
		SolutionGuid = {846AFEB6-A0E3-4CB8-A4F6-CDCBFFBA3A27}
	EndGlobalSection
EndGlobal
